PODS:
  - MediaPipeTasksCommon (0.10.20)
  - MediaPipeTasksVision (0.10.20):
    - MediaPipeTasksCommon (= 0.10.20)
  - OpenCV (3.4.0)

DEPENDENCIES:
  - MediaPipeTasksCommon
  - MediaPipeTasksVision
  - OpenCV (= 3.4.0)

SPEC REPOS:
  trunk:
    - MediaPipeTasksCommon
    - MediaPipeTasksVision
    - OpenCV

SPEC CHECKSUMS:
  MediaPipeTasksCommon: 04b56e3156fafc3d0be54fd3e5749ebdd2a28436
  MediaPipeTasksVision: b1edea3da2f069b61d4f498de400ffc94cefea20
  OpenCV: 6bc19773c6c9964a53f62cfec7f36f7d7b31207a

PODFILE CHECKSUM: 990564816691a8d3bd87d4b8065ae870ab6e9adc

COCOAPODS: 1.16.2
